
Microsoft Visual Studio Solution File, Format Version 12.00
# Visual Studio 15
VisualStudioVersion = 15.0.27703.2047
MinimumVisualStudioVersion = 10.0.40219.1
Project("{9092AA53-FB77-4645-B42D-1CCCA6BD08BD}") = "ExpressApp2", "ExpressApp1\ExpressApp2.njsproj", "{523F1ACB-CA6E-46B6-9306-18B781508DC5}"
EndProject
Global
	GlobalSection(SolutionConfigurationPlatforms) = preSolution
		Debug|Any CPU = Debug|Any CPU
		Release|Any CPU = Release|Any CPU
	EndGlobalSection
	GlobalSection(ProjectConfigurationPlatforms) = postSolution
		{523F1ACB-CA6E-46B6-9306-18B781508DC5}.Debug|Any CPU.ActiveCfg = Debug|Any CPU
		{523F1ACB-CA6E-46B6-9306-18B781508DC5}.Debug|Any CPU.Build.0 = Debug|Any CPU
		{523F1ACB-CA6E-46B6-9306-18B781508DC5}.Release|Any CPU.ActiveCfg = Release|Any CPU
		{523F1ACB-CA6E-46B6-9306-18B781508DC5}.Release|Any CPU.Build.0 = Release|Any CPU
	EndGlobalSection
	GlobalSection(SolutionProperties) = preSolution
		HideSolutionNode = FALSE
	EndGlobalSection
	GlobalSection(ExtensibilityGlobals) = postSolution
		SolutionGuid = {06AF26D6-5C7C-418E-961A-64301F1D6B8A}
	EndGlobalSection
EndGlobal
